lockfileVersion: '6.0'

settings:
  autoInstallPeers: true
  excludeLinksFromLockfile: false

dependencies:
  playwright-aws-lambda:
    specifier: ^0.10.0
    version: 0.10.0(playwright-core@1.36.1)
  playwright-core:
    specifier: ^1.36.1
    version: 1.36.1

packages:

  /lambdafs@2.1.1:
    resolution: {integrity: sha512-x5k8JcoJWkWLvCVBzrl4pzvkEHSgSBqFjg3Dpsc4AcTMq7oUMym4cL/gRTZ6VM4mUMY+M0dIbQ+V1c1tsqqanQ==}
    engines: {node: '>= 10.16'}
    hasBin: true
    dev: false
    bundledDependencies:
      - tar-fs

  /playwright-aws-lambda@0.10.0(playwright-core@1.36.1):
    resolution: {integrity: sha512-osGbx0Nwco6E9JZK/2Uq3lrQ5rmjLEQ9Iw0286wQZ93s+8Ok8IwOmzP765JGTRDvjd/5woE5qwICnhw9iPisOQ==}
    engines: {node: '>= 8.0.0'}
    peerDependencies:
      playwright-core: ^1
    dependencies:
      lambdafs: 2.1.1
      playwright-core: 1.36.1
    dev: false

  /playwright-core@1.36.1:
    resolution: {integrity: sha512-7+tmPuMcEW4xeCL9cp9KxmYpQYHKkyjwoXRnoeTowaeNat8PoBMk/HwCYhqkH2fRkshfKEOiVus/IhID2Pg8kg==}
    engines: {node: '>=16'}
    hasBin: true
    dev: false
